
Microsoft Visual Studio Solution File, Format Version 12.00
# Visual Studio Version 17
VisualStudioVersion = 17.8.34309.116
MinimumVisualStudioVersion = 10.0.40219.1
Project("{9A19103F-16F7-4668-BE54-9A1E7A4F7556}") = "ConsoleApp2", "ConsoleApp2\ConsoleApp2.csproj", "{1F2EDC8E-D7E8-45BA-AE06-813558C4C4BA}"
EndProject
Project("{9A19103F-16F7-4668-BE54-9A1E7A4F7556}") = "ConsoleApp1", "ConsoleApp1\ConsoleApp1.csproj", "{906D814F-41AC-4DCC-9853-C147128CB4BA}"
EndProject
Project("{9A19103F-16F7-4668-BE54-9A1E7A4F7556}") = "ConsoleApp3", "ConsoleApp3\ConsoleApp3.csproj", "{430F2DC7-1462-41D2-9961-C921F82B200E}"
EndProject
Project("{9A19103F-16F7-4668-BE54-9A1E7A4F7556}") = "ATM", "ATM\ATM.csproj", "{1E9A34AF-C9B2-4A4E-9A42-6DA32AD271B8}"
EndProject
Project("{9A19103F-16F7-4668-BE54-9A1E7A4F7556}") = "ConsoleApp4", "ConsoleApp4\ConsoleApp4.csproj", "{0CAC236A-F764-45FC-B1DD-00DC2CE59465}"
EndProject
Project("{9A19103F-16F7-4668-BE54-9A1E7A4F7556}") = "ConsoleApp5", "ConsoleApp5\ConsoleApp5.csproj", "{A48E493E-D278-4C5D-BABF-6F66B9290371}"
EndProject
Project("{9A19103F-16F7-4668-BE54-9A1E7A4F7556}") = "ConsoleApp6", "ConsoleApp6\ConsoleApp6.csproj", "{57330189-4936-4C2E-BD42-9776279B9379}"
EndProject
Project("{9A19103F-16F7-4668-BE54-9A1E7A4F7556}") = "ConsoleApp7", "ConsoleApp7\ConsoleApp7.csproj", "{7171D458-BFD3-4AE4-B14E-F149992FA2A7}"
EndProject
Project("{9A19103F-16F7-4668-BE54-9A1E7A4F7556}") = "ConsoleApp8", "ConsoleApp8\ConsoleApp8.csproj", "{3C85CEAD-67B8-443C-82D6-D552E11D53FE}"
EndProject
Project("{9A19103F-16F7-4668-BE54-9A1E7A4F7556}") = "ConsoleApp9", "ConsoleApp9\ConsoleApp9.csproj", "{8731D9F2-123D-4D7A-8E64-ED406C607CD5}"
EndProject
Project("{9A19103F-16F7-4668-BE54-9A1E7A4F7556}") = "ConsoleApp10", "ConsoleApp10\ConsoleApp10.csproj", "{47F105A5-0A85-495D-9795-B670F5E4B663}"
EndProject
Project("{FAE04EC0-301F-11D3-BF4B-00C04F79EFBC}") = "ConsoleApp11", "ConsoleApp11\ConsoleApp11.csproj", "{9C45CE4D-CC64-4923-9950-D3126A4CC82C}"
EndProject
Project("{FAE04EC0-301F-11D3-BF4B-00C04F79EFBC}") = "ConsoleApp12", "ConsoleApp12\ConsoleApp12.csproj", "{2A5D6D56-AAC3-4AF4-8DFE-E85A92C3FCAB}"
EndProject
Global
	GlobalSection(SolutionConfigurationPlatforms) = preSolution
		Debug|Any CPU = Debug|Any CPU
		Release|Any CPU = Release|Any CPU
	EndGlobalSection
	GlobalSection(ProjectConfigurationPlatforms) = postSolution
		{1F2EDC8E-D7E8-45BA-AE06-813558C4C4BA}.Debug|Any CPU.ActiveCfg = Debug|Any CPU
		{1F2EDC8E-D7E8-45BA-AE06-813558C4C4BA}.Debug|Any CPU.Build.0 = Debug|Any CPU
		{1F2EDC8E-D7E8-45BA-AE06-813558C4C4BA}.Release|Any CPU.ActiveCfg = Release|Any CPU
		{1F2EDC8E-D7E8-45BA-AE06-813558C4C4BA}.Release|Any CPU.Build.0 = Release|Any CPU
		{906D814F-41AC-4DCC-9853-C147128CB4BA}.Debug|Any CPU.ActiveCfg = Debug|Any CPU
		{906D814F-41AC-4DCC-9853-C147128CB4BA}.Debug|Any CPU.Build.0 = Debug|Any CPU
		{906D814F-41AC-4DCC-9853-C147128CB4BA}.Release|Any CPU.ActiveCfg = Release|Any CPU
		{906D814F-41AC-4DCC-9853-C147128CB4BA}.Release|Any CPU.Build.0 = Release|Any CPU
		{430F2DC7-1462-41D2-9961-C921F82B200E}.Debug|Any CPU.ActiveCfg = Debug|Any CPU
		{430F2DC7-1462-41D2-9961-C921F82B200E}.Debug|Any CPU.Build.0 = Debug|Any CPU
		{430F2DC7-1462-41D2-9961-C921F82B200E}.Release|Any CPU.ActiveCfg = Release|Any CPU
		{430F2DC7-1462-41D2-9961-C921F82B200E}.Release|Any CPU.Build.0 = Release|Any CPU
		{1E9A34AF-C9B2-4A4E-9A42-6DA32AD271B8}.Debug|Any CPU.ActiveCfg = Debug|Any CPU
		{1E9A34AF-C9B2-4A4E-9A42-6DA32AD271B8}.Debug|Any CPU.Build.0 = Debug|Any CPU
		{1E9A34AF-C9B2-4A4E-9A42-6DA32AD271B8}.Release|Any CPU.ActiveCfg = Release|Any CPU
		{1E9A34AF-C9B2-4A4E-9A42-6DA32AD271B8}.Release|Any CPU.Build.0 = Release|Any CPU
		{0CAC236A-F764-45FC-B1DD-00DC2CE59465}.Debug|Any CPU.ActiveCfg = Debug|Any CPU
		{0CAC236A-F764-45FC-B1DD-00DC2CE59465}.Debug|Any CPU.Build.0 = Debug|Any CPU
		{0CAC236A-F764-45FC-B1DD-00DC2CE59465}.Release|Any CPU.ActiveCfg = Release|Any CPU
		{0CAC236A-F764-45FC-B1DD-00DC2CE59465}.Release|Any CPU.Build.0 = Release|Any CPU
		{A48E493E-D278-4C5D-BABF-6F66B9290371}.Debug|Any CPU.ActiveCfg = Debug|Any CPU
		{A48E493E-D278-4C5D-BABF-6F66B9290371}.Debug|Any CPU.Build.0 = Debug|Any CPU
		{A48E493E-D278-4C5D-BABF-6F66B9290371}.Release|Any CPU.ActiveCfg = Release|Any CPU
		{A48E493E-D278-4C5D-BABF-6F66B9290371}.Release|Any CPU.Build.0 = Release|Any CPU
		{57330189-4936-4C2E-BD42-9776279B9379}.Debug|Any CPU.ActiveCfg = Debug|Any CPU
		{57330189-4936-4C2E-BD42-9776279B9379}.Debug|Any CPU.Build.0 = Debug|Any CPU
		{57330189-4936-4C2E-BD42-9776279B9379}.Release|Any CPU.ActiveCfg = Release|Any CPU
		{57330189-4936-4C2E-BD42-9776279B9379}.Release|Any CPU.Build.0 = Release|Any CPU
		{7171D458-BFD3-4AE4-B14E-F149992FA2A7}.Debug|Any CPU.ActiveCfg = Debug|Any CPU
		{7171D458-BFD3-4AE4-B14E-F149992FA2A7}.Debug|Any CPU.Build.0 = Debug|Any CPU
		{7171D458-BFD3-4AE4-B14E-F149992FA2A7}.Release|Any CPU.ActiveCfg = Release|Any CPU
		{7171D458-BFD3-4AE4-B14E-F149992FA2A7}.Release|Any CPU.Build.0 = Release|Any CPU
		{3C85CEAD-67B8-443C-82D6-D552E11D53FE}.Debug|Any CPU.ActiveCfg = Debug|Any CPU
		{3C85CEAD-67B8-443C-82D6-D552E11D53FE}.Debug|Any CPU.Build.0 = Debug|Any CPU
		{3C85CEAD-67B8-443C-82D6-D552E11D53FE}.Release|Any CPU.ActiveCfg = Release|Any CPU
		{3C85CEAD-67B8-443C-82D6-D552E11D53FE}.Release|Any CPU.Build.0 = Release|Any CPU
		{8731D9F2-123D-4D7A-8E64-ED406C607CD5}.Debug|Any CPU.ActiveCfg = Debug|Any CPU
		{8731D9F2-123D-4D7A-8E64-ED406C607CD5}.Debug|Any CPU.Build.0 = Debug|Any CPU
		{8731D9F2-123D-4D7A-8E64-ED406C607CD5}.Release|Any CPU.ActiveCfg = Release|Any CPU
		{8731D9F2-123D-4D7A-8E64-ED406C607CD5}.Release|Any CPU.Build.0 = Release|Any CPU
		{47F105A5-0A85-495D-9795-B670F5E4B663}.Debug|Any CPU.ActiveCfg = Debug|Any CPU
		{47F105A5-0A85-495D-9795-B670F5E4B663}.Debug|Any CPU.Build.0 = Debug|Any CPU
		{47F105A5-0A85-495D-9795-B670F5E4B663}.Release|Any CPU.ActiveCfg = Release|Any CPU
		{47F105A5-0A85-495D-9795-B670F5E4B663}.Release|Any CPU.Build.0 = Release|Any CPU
		{9C45CE4D-CC64-4923-9950-D3126A4CC82C}.Debug|Any CPU.ActiveCfg = Debug|Any CPU
		{9C45CE4D-CC64-4923-9950-D3126A4CC82C}.Debug|Any CPU.Build.0 = Debug|Any CPU
		{9C45CE4D-CC64-4923-9950-D3126A4CC82C}.Release|Any CPU.ActiveCfg = Release|Any CPU
		{9C45CE4D-CC64-4923-9950-D3126A4CC82C}.Release|Any CPU.Build.0 = Release|Any CPU
		{2A5D6D56-AAC3-4AF4-8DFE-E85A92C3FCAB}.Debug|Any CPU.ActiveCfg = Debug|Any CPU
		{2A5D6D56-AAC3-4AF4-8DFE-E85A92C3FCAB}.Debug|Any CPU.Build.0 = Debug|Any CPU
		{2A5D6D56-AAC3-4AF4-8DFE-E85A92C3FCAB}.Release|Any CPU.ActiveCfg = Release|Any CPU
		{2A5D6D56-AAC3-4AF4-8DFE-E85A92C3FCAB}.Release|Any CPU.Build.0 = Release|Any CPU
	EndGlobalSection
	GlobalSection(SolutionProperties) = preSolution
		HideSolutionNode = FALSE
	EndGlobalSection
	GlobalSection(ExtensibilityGlobals) = postSolution
		SolutionGuid = {945A9F83-A144-4C8F-A8B5-A7AE87C07789}
	EndGlobalSection
EndGlobal
