
Microsoft Visual Studio Solution File, Format Version 12.00
# Visual Studio Version 17
VisualStudioVersion = 17.8.34309.116
MinimumVisualStudioVersion = 10.0.40219.1
Project("{9A19103F-16F7-4668-BE54-9A1E7A4F7556}") = "ConsoleApp2", "ConsoleApp2\ConsoleApp2.csproj", "{1F2EDC8E-D7E8-45BA-AE06-813558C4C4BA}"
EndProject
Project("{9A19103F-16F7-4668-BE54-9A1E7A4F7556}") = "ConsoleApp1", "ConsoleApp1\ConsoleApp1.csproj", "{906D814F-41AC-4DCC-9853-C147128CB4BA}"
EndProject
Project("{9A19103F-16F7-4668-BE54-9A1E7A4F7556}") = "ConsoleApp3", "ConsoleApp3\ConsoleApp3.csproj", "{430F2DC7-1462-41D2-9961-C921F82B200E}"
EndProject
Project("{FAE04EC0-301F-11D3-BF4B-00C04F79EFBC}") = "ATM", "ATM\ATM.csproj", "{1E9A34AF-C9B2-4A4E-9A42-6DA32AD271B8}"
EndProject
Global
	GlobalSection(SolutionConfigurationPlatforms) = preSolution
		Debug|Any CPU = Debug|Any CPU
		Release|Any CPU = Release|Any CPU
	EndGlobalSection
	GlobalSection(ProjectConfigurationPlatforms) = postSolution
		{1F2EDC8E-D7E8-45BA-AE06-813558C4C4BA}.Debug|Any CPU.ActiveCfg = Debug|Any CPU
		{1F2EDC8E-D7E8-45BA-AE06-813558C4C4BA}.Debug|Any CPU.Build.0 = Debug|Any CPU
		{1F2EDC8E-D7E8-45BA-AE06-813558C4C4BA}.Release|Any CPU.ActiveCfg = Release|Any CPU
		{1F2EDC8E-D7E8-45BA-AE06-813558C4C4BA}.Release|Any CPU.Build.0 = Release|Any CPU
		{906D814F-41AC-4DCC-9853-C147128CB4BA}.Debug|Any CPU.ActiveCfg = Debug|Any CPU
		{906D814F-41AC-4DCC-9853-C147128CB4BA}.Debug|Any CPU.Build.0 = Debug|Any CPU
		{906D814F-41AC-4DCC-9853-C147128CB4BA}.Release|Any CPU.ActiveCfg = Release|Any CPU
		{906D814F-41AC-4DCC-9853-C147128CB4BA}.Release|Any CPU.Build.0 = Release|Any CPU
		{430F2DC7-1462-41D2-9961-C921F82B200E}.Debug|Any CPU.ActiveCfg = Debug|Any CPU
		{430F2DC7-1462-41D2-9961-C921F82B200E}.Debug|Any CPU.Build.0 = Debug|Any CPU
		{430F2DC7-1462-41D2-9961-C921F82B200E}.Release|Any CPU.ActiveCfg = Release|Any CPU
		{430F2DC7-1462-41D2-9961-C921F82B200E}.Release|Any CPU.Build.0 = Release|Any CPU
		{1E9A34AF-C9B2-4A4E-9A42-6DA32AD271B8}.Debug|Any CPU.ActiveCfg = Debug|Any CPU
		{1E9A34AF-C9B2-4A4E-9A42-6DA32AD271B8}.Debug|Any CPU.Build.0 = Debug|Any CPU
		{1E9A34AF-C9B2-4A4E-9A42-6DA32AD271B8}.Release|Any CPU.ActiveCfg = Release|Any CPU
		{1E9A34AF-C9B2-4A4E-9A42-6DA32AD271B8}.Release|Any CPU.Build.0 = Release|Any CPU
	EndGlobalSection
	GlobalSection(SolutionProperties) = preSolution
		HideSolutionNode = FALSE
	EndGlobalSection
	GlobalSection(ExtensibilityGlobals) = postSolution
		SolutionGuid = {945A9F83-A144-4C8F-A8B5-A7AE87C07789}
	EndGlobalSection
EndGlobal
